
Microsoft Visual Studio Solution File, Format Version 12.00
# Visual Studio 15
VisualStudioVersion = 15.0.27130.2010
MinimumVisualStudioVersion = 10.0.40219.1
Project("{FAE04EC0-301F-11D3-BF4B-00C04F79EFBC}") = "MakeASCIIRandomString", "MakeASCIIRandomString\MakeASCIIRandomString.csproj", "{90A8636E-680C-43CA-B10A-2DB136C3FA46}"
EndProject
Global
	GlobalSection(SolutionConfigurationPlatforms) = preSolution
		Debug|Any CPU = Debug|Any CPU
		Release|Any CPU = Release|Any CPU
	EndGlobalSection
	GlobalSection(ProjectConfigurationPlatforms) = postSolution
		{90A8636E-680C-43CA-B10A-2DB136C3FA46}.Debug|Any CPU.ActiveCfg = Debug|Any CPU
		{90A8636E-680C-43CA-B10A-2DB136C3FA46}.Debug|Any CPU.Build.0 = Debug|Any CPU
		{90A8636E-680C-43CA-B10A-2DB136C3FA46}.Release|Any CPU.ActiveCfg = Release|Any CPU
		{90A8636E-680C-43CA-B10A-2DB136C3FA46}.Release|Any CPU.Build.0 = Release|Any CPU
	EndGlobalSection
	GlobalSection(SolutionProperties) = preSolution
		HideSolutionNode = FALSE
	EndGlobalSection
	GlobalSection(ExtensibilityGlobals) = postSolution
		SolutionGuid = {ED01BF35-598C-4B13-AE23-14F679F01C34}
	EndGlobalSection
EndGlobal
